{
  "version": 4,
  "terraform_version": "1.7.4",
  "serial": 4,
  "lineage": "e01b274e-954f-a817-9a0a-3d4fea61e170",
  "outputs": {},
  "resources": [
    {
      "mode": "managed",
      "type": "aws_iam_user",
      "name": "myiam",
      "provider": "provider[\"registry.terraform.io/hashicorp/aws\"]",
      "instances": [
        {
          "index_key": 0,
          "schema_version": 0,
          "attributes": {
            "arn": "arn:aws:iam::851725258082:user/iam_user1",
            "force_destroy": false,
            "id": "iam_user1",
            "name": "iam_user1",
            "path": "/",
            "permissions_boundary": "",
            "tags": null,
            "tags_all": {},
            "unique_id": "AIDA4MTWIBVRDPYKBEAS3"
          },
          "sensitive_attributes": [],
          "private": "bnVsbA=="
        },
        {
          "index_key": 1,
          "schema_version": 0,
          "attributes": {
            "arn": "arn:aws:iam::851725258082:user/iam_user2",
            "force_destroy": false,
            "id": "iam_user2",
            "name": "iam_user2",
            "path": "/",
            "permissions_boundary": "",
            "tags": null,
            "tags_all": {},
            "unique_id": "AIDA4MTWIBVRJ4SI7HY2N"
          },
          "sensitive_attributes": [],
          "private": "bnVsbA=="
        },
        {
          "index_key": 2,
          "schema_version": 0,
          "attributes": {
            "arn": "arn:aws:iam::851725258082:user/iam_user3",
            "force_destroy": false,
            "id": "iam_user3",
            "name": "iam_user3",
            "path": "/",
            "permissions_boundary": "",
            "tags": null,
            "tags_all": {},
            "unique_id": "AIDA4MTWIBVRDEJJUPH5K"
          },
          "sensitive_attributes": [],
          "private": "bnVsbA=="
        }
      ]
    }
  ],
  "check_results": null
}
